
Microsoft Visual Studio Solution File, Format Version 12.00
# Visual Studio 15
VisualStudioVersion = 15.0.27130.2026
MinimumVisualStudioVersion = 10.0.40219.1
Project("{FAE04EC0-301F-11D3-BF4B-00C04F79EFBC}") = "generatedBootstrapApp", "generatedBootstrapApp\generatedBootstrapApp.csproj", "{A32E5FC1-F4B6-438D-B156-163CA4AA3E68}"
EndProject
Global
	GlobalSection(SolutionConfigurationPlatforms) = preSolution
		Debug|Any CPU = Debug|Any CPU
		Release|Any CPU = Release|Any CPU
	EndGlobalSection
	GlobalSection(ProjectConfigurationPlatforms) = postSolution
		{A32E5FC1-F4B6-438D-B156-163CA4AA3E68}.Debug|Any CPU.ActiveCfg = Debug|Any CPU
		{A32E5FC1-F4B6-438D-B156-163CA4AA3E68}.Debug|Any CPU.Build.0 = Debug|Any CPU
		{A32E5FC1-F4B6-438D-B156-163CA4AA3E68}.Release|Any CPU.ActiveCfg = Release|Any CPU
		{A32E5FC1-F4B6-438D-B156-163CA4AA3E68}.Release|Any CPU.Build.0 = Release|Any CPU
	EndGlobalSection
	GlobalSection(SolutionProperties) = preSolution
		HideSolutionNode = FALSE
	EndGlobalSection
	GlobalSection(ExtensibilityGlobals) = postSolution
		SolutionGuid = {2F437493-6A50-459A-A32D-8B2691F1D733}
	EndGlobalSection
EndGlobal
